// !$*UTF8*$!
{
	archiveVersion = 1;
	classes = {
	};
	objectVersion = 46;
	objects = {

/* Begin PBXBuildFile section */
		190777F3F908493B9F7A50F2 /* parser.c in Sources */ = {isa = PBXBuildFile; fileRef = 18278EC05DF34E80B05F54C0 /* parser.c */; settings = {COMPILER_FLAGS = ""; }; };
		22A299A6F2F64B5AA5DE3ADD /* writer.c in Sources */ = {isa = PBXBuildFile; fileRef = B640160F7C504586AD0B65F9 /* writer.c */; settings = {COMPILER_FLAGS = ""; }; };
		83C585B441E047C89B0513EF /* dumper.c in Sources */ = {isa = PBXBuildFile; fileRef = 7583DB20E9964EDA92A290D5 /* dumper.c */; settings = {COMPILER_FLAGS = ""; }; };
		A68548189A63440797FBB3FF /* loader.c in Sources */ = {isa = PBXBuildFile; fileRef = 51EB0CDC256E4A479793E535 /* loader.c */; settings = {COMPILER_FLAGS = ""; }; };
		B689E89ED5D3492FBB12FBA6 /* api.c in Sources */ = {isa = PBXBuildFile; fileRef = CB26AC4B59DC4F9AA9AB3E06 /* api.c */; settings = {COMPILER_FLAGS = ""; }; };
		C14C36C01D424EA987C49777 /* emitter.c in Sources */ = {isa = PBXBuildFile; fileRef = 6C4C0112593341D5B5A19F0F /* emitter.c */; settings = {COMPILER_FLAGS = ""; }; };
		D94FA572669F4259BB0DF7B5 /* scanner.c in Sources */ = {isa = PBXBuildFile; fileRef = E8DCD024161B4E0985958A4F /* scanner.c */; settings = {COMPILER_FLAGS = ""; }; };
		DDB4DED1622E498F92EB51A2 /* reader.c in Sources */ = {isa = PBXBuildFile; fileRef = 29EB03E00A904E0EA479DE25 /* reader.c */; settings = {COMPILER_FLAGS = ""; }; };
/* End PBXBuildFile section */

/* Begin PBXFileReference section */
		18278EC05DF34E80B05F54C0 /* parser.c */ = {isa = PBXFileReference; explicitFileType = sourcecode.c.c; fileEncoding = 4; path = parser.c; sourceTree = "<group>"; };
		25C78641187940A78433850F /* libYAML.a */ = {isa = PBXFileReference; explicitFileType = archive.ar; path = libYAML.a; sourceTree = BUILT_PRODUCTS_DIR; };
		29EB03E00A904E0EA479DE25 /* reader.c */ = {isa = PBXFileReference; explicitFileType = sourcecode.c.c; fileEncoding = 4; path = reader.c; sourceTree = "<group>"; };
		51EB0CDC256E4A479793E535 /* loader.c */ = {isa = PBXFileReference; explicitFileType = sourcecode.c.c; fileEncoding = 4; path = loader.c; sourceTree = "<group>"; };
		5B9884331CD65A8B0008A67D /* yaml.h */ = {isa = PBXFileReference; lastKnownFileType = sourcecode.c.h; path = yaml.h; sourceTree = "<group>"; };
		6C4C0112593341D5B5A19F0F /* emitter.c */ = {isa = PBXFileReference; explicitFileType = sourcecode.c.c; fileEncoding = 4; path = emitter.c; sourceTree = "<group>"; };
		7583DB20E9964EDA92A290D5 /* dumper.c */ = {isa = PBXFileReference; explicitFileType = sourcecode.c.c; fileEncoding = 4; path = dumper.c; sourceTree = "<group>"; };
		B640160F7C504586AD0B65F9 /* writer.c */ = {isa = PBXFileReference; explicitFileType = sourcecode.c.c; fileEncoding = 4; path = writer.c; sourceTree = "<group>"; };
		CB26AC4B59DC4F9AA9AB3E06 /* api.c */ = {isa = PBXFileReference; explicitFileType = sourcecode.c.c; fileEncoding = 4; path = api.c; sourceTree = "<group>"; };
		E8DCD024161B4E0985958A4F /* scanner.c */ = {isa = PBXFileReference; explicitFileType = sourcecode.c.c; fileEncoding = 4; path = scanner.c; sourceTree = "<group>"; };
/* End PBXFileReference section */

/* Begin PBXGroup section */
		05AE6B9A22B7426E8B6231D1 = {
			isa = PBXGroup;
			children = (
				B4AAAFE65B664336AF146E0F /* libyaml */,
				1A659A2B32AE4FCE9C580605 /* Products */,
			);
			sourceTree = "<group>";
		};
		1A659A2B32AE4FCE9C580605 /* Products */ = {
			isa = PBXGroup;
			children = (
				25C78641187940A78433850F /* libYAML.a */,
			);
			name = Products;
			sourceTree = "<group>";
		};
		5B9884311CD65A740008A67D /* Headers */ = {
			isa = PBXGroup;
			children = (
				5B9884331CD65A8B0008A67D /* yaml.h */,
			);
			name = Headers;
			path = include;
			sourceTree = "<group>";
		};
		8546BC337CA04C5189FBED01 /* Sources */ = {
			isa = PBXGroup;
			children = (
				CB26AC4B59DC4F9AA9AB3E06 /* api.c */,
				7583DB20E9964EDA92A290D5 /* dumper.c */,
				6C4C0112593341D5B5A19F0F /* emitter.c */,
				51EB0CDC256E4A479793E535 /* loader.c */,
				18278EC05DF34E80B05F54C0 /* parser.c */,
				29EB03E00A904E0EA479DE25 /* reader.c */,
				E8DCD024161B4E0985958A4F /* scanner.c */,
				B640160F7C504586AD0B65F9 /* writer.c */,
			);
			name = Sources;
			path = src;
			sourceTree = "<group>";
		};
		B4AAAFE65B664336AF146E0F /* libyaml */ = {
			isa = PBXGroup;
			children = (
				5B9884311CD65A740008A67D /* Headers */,
				8546BC337CA04C5189FBED01 /* Sources */,
			);
			path = libyaml;
			sourceTree = "<group>";
		};
/* End PBXGroup section */

/* Begin PBXNativeTarget section */
		DBCA0AC4FB8341389D2C9816 /* YAML */ = {
			isa = PBXNativeTarget;
			buildConfigurationList = 2F82B950A3794733A1085DE4 /* Build configuration list for PBXNativeTarget "YAML" */;
			buildPhases = (
				E4031C99755D4E6CBDE1322F /* Sources */,
			);
			buildRules = (
			);
			dependencies = (
			);
			name = YAML;
			productName = yaml;
			productReference = 25C78641187940A78433850F /* libYAML.a */;
			productType = "com.apple.product-type.library.static";
		};
/* End PBXNativeTarget section */

/* Begin PBXProject section */
		5078C8AEAD0A42A4AA50A5EB /* Project object */ = {
			isa = PBXProject;
			attributes = {
				BuildIndependentTargetsInParallel = YES;
				LastUpgradeCheck = 0730;
			};
			buildConfigurationList = 602CCDF7918D4AA9B7769551 /* Build configuration list for PBXProject "YAML" */;
			compatibilityVersion = "Xcode 3.2";
			developmentRegion = English;
			hasScannedForEncodings = 0;
			knownRegions = (
				en,
			);
			mainGroup = 05AE6B9A22B7426E8B6231D1;
			projectDirPath = "";
			projectRoot = "";
			targets = (
				DBCA0AC4FB8341389D2C9816 /* YAML */,
			);
		};
/* End PBXProject section */

/* Begin PBXSourcesBuildPhase section */
		E4031C99755D4E6CBDE1322F /* Sources */ = {
			isa = PBXSourcesBuildPhase;
			buildActionMask = 2147483647;
			files = (
				B689E89ED5D3492FBB12FBA6 /* api.c in Sources */,
				83C585B441E047C89B0513EF /* dumper.c in Sources */,
				C14C36C01D424EA987C49777 /* emitter.c in Sources */,
				A68548189A63440797FBB3FF /* loader.c in Sources */,
				190777F3F908493B9F7A50F2 /* parser.c in Sources */,
				DDB4DED1622E498F92EB51A2 /* reader.c in Sources */,
				D94FA572669F4259BB0DF7B5 /* scanner.c in Sources */,
				22A299A6F2F64B5AA5DE3ADD /* writer.c in Sources */,
			);
			runOnlyForDeploymentPostprocessing = 0;
		};
/* End PBXSourcesBuildPhase section */

/* Begin XCBuildConfiguration section */
		6A5FD2C3A32640EBB73796D8 /* Release */ = {
			isa = XCBuildConfiguration;
			buildSettings = {
				EXECUTABLE_PREFIX = lib;
				GCC_PREPROCESSOR_DEFINITIONS = (
					"'CMAKE_INTDIR=\"$(CONFIGURATION)$(EFFECTIVE_PLATFORM_NAME)\"'",
					HAVE_CONFIG_H,
					YAML_DECLARE_STATIC,
					$inherited,
					NDEBUG,
				);
				HEADER_SEARCH_PATHS = (
					libyaml/include,
					libyaml/win32,
				);
				PRODUCT_NAME = YAML;
				WARNING_CFLAGS = (
					"-Wmost",
					"$(inherited)",
				);
			};
			name = Release;
		};
		8CF82C9564D044E8BF3E6D41 /* Debug */ = {
			isa = XCBuildConfiguration;
			buildSettings = {
				EXECUTABLE_PREFIX = lib;
				GCC_PREPROCESSOR_DEFINITIONS = (
					"'CMAKE_INTDIR=\"$(CONFIGURATION)$(EFFECTIVE_PLATFORM_NAME)\"'",
					HAVE_CONFIG_H,
					YAML_DECLARE_STATIC,
					$inherited,
				);
				HEADER_SEARCH_PATHS = (
					libyaml/include,
					libyaml/win32,
				);
				PRODUCT_NAME = YAML;
				WARNING_CFLAGS = (
					"-Wmost",
					"$(inherited)",
				);
			};
			name = Debug;
		};
		B2A1E1E9AB694A95BCA31D86 /* Release */ = {
			isa = XCBuildConfiguration;
			buildSettings = {
				COMBINE_HIDPI_IMAGES = YES;
				GCC_C_LANGUAGE_STANDARD = gnu99;
				GCC_GENERATE_DEBUGGING_SYMBOLS = NO;
				GCC_OPTIMIZATION_LEVEL = s;
				GCC_PREPROCESSOR_DEFINITIONS = "RELEASE=1";
				MACOSX_DEPLOYMENT_TARGET = 10.10;
				ONLY_ACTIVE_ARCH = YES;
				SDKROOT = macosx;
			};
			name = Release;
		};
		DCAD65EAB54546EFB9C5688A /* Debug */ = {
			isa = XCBuildConfiguration;
			buildSettings = {
				COMBINE_HIDPI_IMAGES = YES;
				ENABLE_TESTABILITY = YES;
				GCC_C_LANGUAGE_STANDARD = gnu99;
				GCC_GENERATE_DEBUGGING_SYMBOLS = YES;
				GCC_OPTIMIZATION_LEVEL = 0;
				GCC_PREPROCESSOR_DEFINITIONS = "DEBUG=1";
				MACOSX_DEPLOYMENT_TARGET = 10.10;
				ONLY_ACTIVE_ARCH = YES;
				SDKROOT = macosx;
			};
			name = Debug;
		};
/* End XCBuildConfiguration section */

/* Begin XCConfigurationList section */
		2F82B950A3794733A1085DE4 /* Build configuration list for PBXNativeTarget "YAML" */ = {
			isa = XCConfigurationList;
			buildConfigurations = (
				8CF82C9564D044E8BF3E6D41 /* Debug */,
				6A5FD2C3A32640EBB73796D8 /* Release */,
			);
			defaultConfigurationIsVisible = 0;
			defaultConfigurationName = Release;
		};
		602CCDF7918D4AA9B7769551 /* Build configuration list for PBXProject "YAML" */ = {
			isa = XCConfigurationList;
			buildConfigurations = (
				DCAD65EAB54546EFB9C5688A /* Debug */,
				B2A1E1E9AB694A95BCA31D86 /* Release */,
			);
			defaultConfigurationIsVisible = 0;
			defaultConfigurationName = Release;
		};
/* End XCConfigurationList section */
	};
	rootObject = 5078C8AEAD0A42A4AA50A5EB /* Project object */;
}
