// !$*UTF8*$!
{
	archiveVersion = 1;
	classes = {
	};
	objectVersion = 46;
	objects = {

/* Begin PBXAggregateTarget section */
		2BD63C8D0243408AA389F27F /* ZERO_CHECK */ = {
			isa = PBXAggregateTarget;
			buildConfigurationList = B33418AD70A843A185D47CB5 /* Build configuration list for PBXAggregateTarget "ZERO_CHECK" */;
			buildPhases = (
				35C22C3522AC429AB3BA8186 /* CMake Rules */,
			);
			dependencies = (
			);
			name = ZERO_CHECK;
			productName = ZERO_CHECK;
		};
		F13978A5D693484B8F6951CE /* ALL_BUILD */ = {
			isa = PBXAggregateTarget;
			buildConfigurationList = 5365EAF886604F689A712E8B /* Build configuration list for PBXAggregateTarget "ALL_BUILD" */;
			buildPhases = (
				8ED154ED3DB34EAAB6F8DF78 /* CMake Rules */,
			);
			dependencies = (
				48BCD1F4A3A8462BAC128C9F /* PBXTargetDependency */,
				A84529693C9342BA9B2AF256 /* PBXTargetDependency */,
			);
			name = ALL_BUILD;
			productName = ALL_BUILD;
		};
/* End PBXAggregateTarget section */

/* Begin PBXBuildFile section */
		190777F3F908493B9F7A50F2 /* /Users/Martin/Development/Libraries/YAML/libyaml/src/parser.c */ = {isa = PBXBuildFile; fileRef = 18278EC05DF34E80B05F54C0 /* /Users/Martin/Development/Libraries/YAML/libyaml/src/parser.c */; settings = {COMPILER_FLAGS = ""; }; };
		22A299A6F2F64B5AA5DE3ADD /* /Users/Martin/Development/Libraries/YAML/libyaml/src/writer.c */ = {isa = PBXBuildFile; fileRef = B640160F7C504586AD0B65F9 /* /Users/Martin/Development/Libraries/YAML/libyaml/src/writer.c */; settings = {COMPILER_FLAGS = ""; }; };
		83C585B441E047C89B0513EF /* /Users/Martin/Development/Libraries/YAML/libyaml/src/dumper.c */ = {isa = PBXBuildFile; fileRef = 7583DB20E9964EDA92A290D5 /* /Users/Martin/Development/Libraries/YAML/libyaml/src/dumper.c */; settings = {COMPILER_FLAGS = ""; }; };
		884644D6C6304786AD21A8A4 /* /Users/Martin/Development/Libraries/YAML/libyaml/CMakeLists.txt */ = {isa = PBXBuildFile; fileRef = 95906D29808545AA9F21C027 /* /Users/Martin/Development/Libraries/YAML/libyaml/CMakeLists.txt */; settings = {COMPILER_FLAGS = ""; }; };
		A68548189A63440797FBB3FF /* /Users/Martin/Development/Libraries/YAML/libyaml/src/loader.c */ = {isa = PBXBuildFile; fileRef = 51EB0CDC256E4A479793E535 /* /Users/Martin/Development/Libraries/YAML/libyaml/src/loader.c */; settings = {COMPILER_FLAGS = ""; }; };
		B689E89ED5D3492FBB12FBA6 /* /Users/Martin/Development/Libraries/YAML/libyaml/src/api.c */ = {isa = PBXBuildFile; fileRef = CB26AC4B59DC4F9AA9AB3E06 /* /Users/Martin/Development/Libraries/YAML/libyaml/src/api.c */; settings = {COMPILER_FLAGS = ""; }; };
		C14C36C01D424EA987C49777 /* /Users/Martin/Development/Libraries/YAML/libyaml/src/emitter.c */ = {isa = PBXBuildFile; fileRef = 6C4C0112593341D5B5A19F0F /* /Users/Martin/Development/Libraries/YAML/libyaml/src/emitter.c */; settings = {COMPILER_FLAGS = ""; }; };
		D94FA572669F4259BB0DF7B5 /* /Users/Martin/Development/Libraries/YAML/libyaml/src/scanner.c */ = {isa = PBXBuildFile; fileRef = E8DCD024161B4E0985958A4F /* /Users/Martin/Development/Libraries/YAML/libyaml/src/scanner.c */; settings = {COMPILER_FLAGS = ""; }; };
		DDB4DED1622E498F92EB51A2 /* /Users/Martin/Development/Libraries/YAML/libyaml/src/reader.c */ = {isa = PBXBuildFile; fileRef = 29EB03E00A904E0EA479DE25 /* /Users/Martin/Development/Libraries/YAML/libyaml/src/reader.c */; settings = {COMPILER_FLAGS = ""; }; };
/* End PBXBuildFile section */

/* Begin PBXBuildStyle section */
		2A35F76AF5DC4A5FADAF3528 /* MinSizeRel */ = {
			isa = PBXBuildStyle;
			buildSettings = {
				COPY_PHASE_STRIP = NO;
			};
			name = MinSizeRel;
		};
		4C2E1DAE67E84DC0A0F942CB /* Release */ = {
			isa = PBXBuildStyle;
			buildSettings = {
				COPY_PHASE_STRIP = NO;
			};
			name = Release;
		};
		6A5845BC2A144332B78F1269 = {
			isa = PBXBuildStyle;
		};
		871FF07E76EE4ED2ABCE638C /* Debug */ = {
			isa = PBXBuildStyle;
			buildSettings = {
				COPY_PHASE_STRIP = NO;
			};
			name = Debug;
		};
		B1A7A5E44D5747B9AC6B573A /* RelWithDebInfo */ = {
			isa = PBXBuildStyle;
			buildSettings = {
				COPY_PHASE_STRIP = NO;
			};
			name = RelWithDebInfo;
		};
/* End PBXBuildStyle section */

/* Begin PBXContainerItemProxy section */
		2F25ADADEDF64B648C65C207 /* PBXContainerItemProxy */ = {
			isa = PBXContainerItemProxy;
			containerPortal = 5078C8AEAD0A42A4AA50A5EB /* Project object */;
			proxyType = 1;
			remoteGlobalIDString = DBCA0AC4FB8341389D2C9816;
			remoteInfo = yaml;
		};
		7867774FAB344B0F9568355F /* PBXContainerItemProxy */ = {
			isa = PBXContainerItemProxy;
			containerPortal = 5078C8AEAD0A42A4AA50A5EB /* Project object */;
			proxyType = 1;
			remoteGlobalIDString = 2BD63C8D0243408AA389F27F;
			remoteInfo = ZERO_CHECK;
		};
		A47911D0EF3D46D89A83036D /* PBXContainerItemProxy */ = {
			isa = PBXContainerItemProxy;
			containerPortal = 5078C8AEAD0A42A4AA50A5EB /* Project object */;
			proxyType = 1;
			remoteGlobalIDString = 2BD63C8D0243408AA389F27F;
			remoteInfo = ZERO_CHECK;
		};
/* End PBXContainerItemProxy section */

/* Begin PBXFileReference section */
		18278EC05DF34E80B05F54C0 /* /Users/Martin/Development/Libraries/YAML/libyaml/src/parser.c */ = {isa = PBXFileReference; explicitFileType = sourcecode.c.c; fileEncoding = 4; name = parser.c; path = src/parser.c; sourceTree = SOURCE_ROOT; };
		25C78641187940A78433850F /* yaml */ = {isa = PBXFileReference; explicitFileType = archive.ar; path = libyaml.a; refType = 0; sourceTree = BUILT_PRODUCTS_DIR; };
		29EB03E00A904E0EA479DE25 /* /Users/Martin/Development/Libraries/YAML/libyaml/src/reader.c */ = {isa = PBXFileReference; explicitFileType = sourcecode.c.c; fileEncoding = 4; name = reader.c; path = src/reader.c; sourceTree = SOURCE_ROOT; };
		42D4B1B791664B009B4466B5 /* /Users/Martin/Development/Libraries/YAML/libyaml/CMakeLists.txt */ = {isa = PBXFileReference; explicitFileType = sourcecode.text; fileEncoding = 4; name = CMakeLists.txt; path = CMakeLists.txt; sourceTree = SOURCE_ROOT; };
		51EB0CDC256E4A479793E535 /* /Users/Martin/Development/Libraries/YAML/libyaml/src/loader.c */ = {isa = PBXFileReference; explicitFileType = sourcecode.c.c; fileEncoding = 4; name = loader.c; path = src/loader.c; sourceTree = SOURCE_ROOT; };
		6C4C0112593341D5B5A19F0F /* /Users/Martin/Development/Libraries/YAML/libyaml/src/emitter.c */ = {isa = PBXFileReference; explicitFileType = sourcecode.c.c; fileEncoding = 4; name = emitter.c; path = src/emitter.c; sourceTree = SOURCE_ROOT; };
		7583DB20E9964EDA92A290D5 /* /Users/Martin/Development/Libraries/YAML/libyaml/src/dumper.c */ = {isa = PBXFileReference; explicitFileType = sourcecode.c.c; fileEncoding = 4; name = dumper.c; path = src/dumper.c; sourceTree = SOURCE_ROOT; };
		910D86D969B84A7489FAD5B3 /* /Users/Martin/Development/Libraries/YAML/libyaml/CMakeLists.txt */ = {isa = PBXFileReference; explicitFileType = sourcecode.text; fileEncoding = 4; name = CMakeLists.txt; path = CMakeLists.txt; sourceTree = SOURCE_ROOT; };
		95906D29808545AA9F21C027 /* /Users/Martin/Development/Libraries/YAML/libyaml/CMakeLists.txt */ = {isa = PBXFileReference; explicitFileType = sourcecode.text; fileEncoding = 4; name = CMakeLists.txt; path = CMakeLists.txt; sourceTree = SOURCE_ROOT; };
		B640160F7C504586AD0B65F9 /* /Users/Martin/Development/Libraries/YAML/libyaml/src/writer.c */ = {isa = PBXFileReference; explicitFileType = sourcecode.c.c; fileEncoding = 4; name = writer.c; path = src/writer.c; sourceTree = SOURCE_ROOT; };
		CB26AC4B59DC4F9AA9AB3E06 /* /Users/Martin/Development/Libraries/YAML/libyaml/src/api.c */ = {isa = PBXFileReference; explicitFileType = sourcecode.c.c; fileEncoding = 4; name = api.c; path = src/api.c; sourceTree = SOURCE_ROOT; };
		E8DCD024161B4E0985958A4F /* /Users/Martin/Development/Libraries/YAML/libyaml/src/scanner.c */ = {isa = PBXFileReference; explicitFileType = sourcecode.c.c; fileEncoding = 4; name = scanner.c; path = src/scanner.c; sourceTree = SOURCE_ROOT; };
/* End PBXFileReference section */

/* Begin PBXGroup section */
		05AE6B9A22B7426E8B6231D1 = {
			isa = PBXGroup;
			children = (
				A770298D51964F91A4C25F8A /* Sources */,
				F5125CD4A75B488087AE1281 /* Resources */,
				1A659A2B32AE4FCE9C580605 /* Products */,
			);
			sourceTree = "<group>";
		};
		1A659A2B32AE4FCE9C580605 /* Products */ = {
			isa = PBXGroup;
			children = (
				25C78641187940A78433850F /* yaml */,
			);
			name = Products;
			sourceTree = "<group>";
		};
		2F6E011B83E740018122DD72 /* CMake Rules */ = {
			isa = PBXGroup;
			children = (
			);
			name = "CMake Rules";
			sourceTree = "<group>";
		};
		8546BC337CA04C5189FBED01 /* Source Files */ = {
			isa = PBXGroup;
			children = (
				CB26AC4B59DC4F9AA9AB3E06 /* /Users/Martin/Development/Libraries/YAML/libyaml/src/api.c */,
				7583DB20E9964EDA92A290D5 /* /Users/Martin/Development/Libraries/YAML/libyaml/src/dumper.c */,
				6C4C0112593341D5B5A19F0F /* /Users/Martin/Development/Libraries/YAML/libyaml/src/emitter.c */,
				51EB0CDC256E4A479793E535 /* /Users/Martin/Development/Libraries/YAML/libyaml/src/loader.c */,
				18278EC05DF34E80B05F54C0 /* /Users/Martin/Development/Libraries/YAML/libyaml/src/parser.c */,
				29EB03E00A904E0EA479DE25 /* /Users/Martin/Development/Libraries/YAML/libyaml/src/reader.c */,
				E8DCD024161B4E0985958A4F /* /Users/Martin/Development/Libraries/YAML/libyaml/src/scanner.c */,
				B640160F7C504586AD0B65F9 /* /Users/Martin/Development/Libraries/YAML/libyaml/src/writer.c */,
			);
			name = "Source Files";
			sourceTree = "<group>";
		};
		938C3ACF1FA2485D8AD6B37A /* CMake Rules */ = {
			isa = PBXGroup;
			children = (
			);
			name = "CMake Rules";
			sourceTree = "<group>";
		};
		A770298D51964F91A4C25F8A /* Sources */ = {
			isa = PBXGroup;
			children = (
				F3F6805BA2BE44F7A8DD44FC /* ZERO_CHECK */,
				E22DD76A3028417C9C8A759E /* ALL_BUILD */,
				B4AAAFE65B664336AF146E0F /* yaml */,
			);
			name = Sources;
			sourceTree = "<group>";
		};
		B4AAAFE65B664336AF146E0F /* yaml */ = {
			isa = PBXGroup;
			children = (
				8546BC337CA04C5189FBED01 /* Source Files */,
				95906D29808545AA9F21C027 /* /Users/Martin/Development/Libraries/YAML/libyaml/CMakeLists.txt */,
			);
			name = yaml;
			sourceTree = "<group>";
		};
		E22DD76A3028417C9C8A759E /* ALL_BUILD */ = {
			isa = PBXGroup;
			children = (
				938C3ACF1FA2485D8AD6B37A /* CMake Rules */,
				42D4B1B791664B009B4466B5 /* /Users/Martin/Development/Libraries/YAML/libyaml/CMakeLists.txt */,
			);
			name = ALL_BUILD;
			sourceTree = "<group>";
		};
		F3F6805BA2BE44F7A8DD44FC /* ZERO_CHECK */ = {
			isa = PBXGroup;
			children = (
				2F6E011B83E740018122DD72 /* CMake Rules */,
				910D86D969B84A7489FAD5B3 /* /Users/Martin/Development/Libraries/YAML/libyaml/CMakeLists.txt */,
			);
			name = ZERO_CHECK;
			sourceTree = "<group>";
		};
		F5125CD4A75B488087AE1281 /* Resources */ = {
			isa = PBXGroup;
			children = (
			);
			name = Resources;
			sourceTree = "<group>";
		};
/* End PBXGroup section */

/* Begin PBXNativeTarget section */
		DBCA0AC4FB8341389D2C9816 /* yaml */ = {
			isa = PBXNativeTarget;
			buildConfigurationList = 2F82B950A3794733A1085DE4 /* Build configuration list for PBXNativeTarget "yaml" */;
			buildPhases = (
				E4031C99755D4E6CBDE1322F /* Sources */,
			);
			buildRules = (
			);
			dependencies = (
				BA2E30865C26405F85D05BE2 /* PBXTargetDependency */,
			);
			name = yaml;
			productName = yaml;
			productReference = 25C78641187940A78433850F /* yaml */;
			productType = "com.apple.product-type.library.static";
		};
/* End PBXNativeTarget section */

/* Begin PBXProject section */
		5078C8AEAD0A42A4AA50A5EB /* Project object */ = {
			isa = PBXProject;
			attributes = {
				BuildIndependentTargetsInParallel = YES;
			};
			buildConfigurationList = 602CCDF7918D4AA9B7769551 /* Build configuration list for PBXProject "yaml" */;
			buildSettings = {
			};
			buildStyles = (
				871FF07E76EE4ED2ABCE638C /* Debug */,
				4C2E1DAE67E84DC0A0F942CB /* Release */,
				2A35F76AF5DC4A5FADAF3528 /* MinSizeRel */,
				B1A7A5E44D5747B9AC6B573A /* RelWithDebInfo */,
			);
			compatibilityVersion = "Xcode 3.2";
			hasScannedForEncodings = 0;
			mainGroup = 05AE6B9A22B7426E8B6231D1;
			projectDirPath = libyaml;
			projectRoot = "";
			targets = (
				F13978A5D693484B8F6951CE /* ALL_BUILD */,
				2BD63C8D0243408AA389F27F /* ZERO_CHECK */,
				DBCA0AC4FB8341389D2C9816 /* yaml */,
			);
		};
/* End PBXProject section */

/* Begin PBXShellScriptBuildPhase section */
		35C22C3522AC429AB3BA8186 /* CMake Rules */ = {
			isa = PBXShellScriptBuildPhase;
			buildActionMask = 2147483647;
			files = (
			);
			name = "CMake Rules";
			runOnlyForDeploymentPostprocessing = 0;
			shellPath = /bin/sh;
			shellScript = "make -C /Users/Martin/Development/Libraries/YAML -f /Users/Martin/Development/Libraries/YAML/CMakeScripts/ZERO_CHECK_cmakeRulesBuildPhase.make$CONFIGURATION all";
			showEnvVarsInLog = 0;
		};
		63CEFBCBCB324421A3B264B9 = {
			isa = PBXShellScriptBuildPhase;
			buildActionMask = 2147483647;
			files = (
			);
			inputPaths = (
			);
			outputPaths = (
			);
			runOnlyForDeploymentPostprocessing = 0;
			shellPath = /bin/sh;
			shellScript = "# shell script goes here
exit 0";
			showEnvVarsInLog = 0;
		};
		8ED154ED3DB34EAAB6F8DF78 /* CMake Rules */ = {
			isa = PBXShellScriptBuildPhase;
			buildActionMask = 2147483647;
			files = (
			);
			name = "CMake Rules";
			runOnlyForDeploymentPostprocessing = 0;
			shellPath = /bin/sh;
			shellScript = "make -C /Users/Martin/Development/Libraries/YAML -f /Users/Martin/Development/Libraries/YAML/CMakeScripts/ALL_BUILD_cmakeRulesBuildPhase.make$CONFIGURATION all";
			showEnvVarsInLog = 0;
		};
		9D287D7EFCB547E0AA8F7D4D = {
			isa = PBXShellScriptBuildPhase;
			buildActionMask = 2147483647;
			files = (
			);
			inputPaths = (
			);
			outputPaths = (
			);
			runOnlyForDeploymentPostprocessing = 0;
			shellPath = /bin/sh;
			shellScript = "# shell script goes here
exit 0";
			showEnvVarsInLog = 0;
		};
/* End PBXShellScriptBuildPhase section */

/* Begin PBXSourcesBuildPhase section */
		E4031C99755D4E6CBDE1322F /* Sources */ = {
			isa = PBXSourcesBuildPhase;
			buildActionMask = 2147483647;
			files = (
				B689E89ED5D3492FBB12FBA6 /* /Users/Martin/Development/Libraries/YAML/libyaml/src/api.c */,
				83C585B441E047C89B0513EF /* /Users/Martin/Development/Libraries/YAML/libyaml/src/dumper.c */,
				C14C36C01D424EA987C49777 /* /Users/Martin/Development/Libraries/YAML/libyaml/src/emitter.c */,
				A68548189A63440797FBB3FF /* /Users/Martin/Development/Libraries/YAML/libyaml/src/loader.c */,
				190777F3F908493B9F7A50F2 /* /Users/Martin/Development/Libraries/YAML/libyaml/src/parser.c */,
				DDB4DED1622E498F92EB51A2 /* /Users/Martin/Development/Libraries/YAML/libyaml/src/reader.c */,
				D94FA572669F4259BB0DF7B5 /* /Users/Martin/Development/Libraries/YAML/libyaml/src/scanner.c */,
				22A299A6F2F64B5AA5DE3ADD /* /Users/Martin/Development/Libraries/YAML/libyaml/src/writer.c */,
			);
			runOnlyForDeploymentPostprocessing = 0;
		};
/* End PBXSourcesBuildPhase section */

/* Begin PBXTargetDependency section */
		48BCD1F4A3A8462BAC128C9F /* PBXTargetDependency */ = {
			isa = PBXTargetDependency;
			target = DBCA0AC4FB8341389D2C9816 /* yaml */;
			targetProxy = 2F25ADADEDF64B648C65C207 /* PBXContainerItemProxy */;
		};
		A84529693C9342BA9B2AF256 /* PBXTargetDependency */ = {
			isa = PBXTargetDependency;
			target = 2BD63C8D0243408AA389F27F /* ZERO_CHECK */;
			targetProxy = 7867774FAB344B0F9568355F /* PBXContainerItemProxy */;
		};
		BA2E30865C26405F85D05BE2 /* PBXTargetDependency */ = {
			isa = PBXTargetDependency;
			target = 2BD63C8D0243408AA389F27F /* ZERO_CHECK */;
			targetProxy = A47911D0EF3D46D89A83036D /* PBXContainerItemProxy */;
		};
/* End PBXTargetDependency section */

/* Begin XCBuildConfiguration section */
		00F17B6D6DAE45F3950A4B6F /* MinSizeRel */ = {
			isa = XCBuildConfiguration;
			buildSettings = {
				COMBINE_HIDPI_IMAGES = YES;
				GCC_GENERATE_DEBUGGING_SYMBOLS = YES;
				GCC_INLINES_ARE_PRIVATE_EXTERN = NO;
				GCC_OPTIMIZATION_LEVEL = 0;
				GCC_PREPROCESSOR_DEFINITIONS = ("'CMAKE_INTDIR=\"$(CONFIGURATION)$(EFFECTIVE_PLATFORM_NAME)\"'", );
				GCC_SYMBOLS_PRIVATE_EXTERN = NO;
				HEADER_SEARCH_PATHS = (/Users/Martin/Development/Libraries/YAML/libyaml/include, /Users/Martin/Development/Libraries/YAML/libyaml/win32, );
				INSTALL_PATH = "";
				OTHER_LDFLAGS = " ";
				OTHER_REZFLAGS = "";
				PRODUCT_NAME = ZERO_CHECK;
				SECTORDER_FLAGS = "";
				SYMROOT = /Users/Martin/Development/Libraries/YAML;
				USE_HEADERMAP = NO;
				WARNING_CFLAGS = ("-Wmost", "-Wno-four-char-constants", "-Wno-unknown-pragmas", "$(inherited)", );
			};
			name = MinSizeRel;
		};
		2878511B26634149AB0E118D /* Release */ = {
			isa = XCBuildConfiguration;
			buildSettings = {
				COMBINE_HIDPI_IMAGES = YES;
				GCC_GENERATE_DEBUGGING_SYMBOLS = YES;
				GCC_INLINES_ARE_PRIVATE_EXTERN = NO;
				GCC_OPTIMIZATION_LEVEL = 0;
				GCC_PREPROCESSOR_DEFINITIONS = ("'CMAKE_INTDIR=\"$(CONFIGURATION)$(EFFECTIVE_PLATFORM_NAME)\"'", );
				GCC_SYMBOLS_PRIVATE_EXTERN = NO;
				HEADER_SEARCH_PATHS = (/Users/Martin/Development/Libraries/YAML/libyaml/include, /Users/Martin/Development/Libraries/YAML/libyaml/win32, );
				INSTALL_PATH = "";
				OTHER_LDFLAGS = " ";
				OTHER_REZFLAGS = "";
				PRODUCT_NAME = ZERO_CHECK;
				SECTORDER_FLAGS = "";
				SYMROOT = /Users/Martin/Development/Libraries/YAML;
				USE_HEADERMAP = NO;
				WARNING_CFLAGS = ("-Wmost", "-Wno-four-char-constants", "-Wno-unknown-pragmas", "$(inherited)", );
			};
			name = Release;
		};
		490F73E860BC416F848BF792 /* RelWithDebInfo */ = {
			isa = XCBuildConfiguration;
			buildSettings = {
				COMBINE_HIDPI_IMAGES = YES;
				GCC_GENERATE_DEBUGGING_SYMBOLS = YES;
				GCC_INLINES_ARE_PRIVATE_EXTERN = NO;
				GCC_OPTIMIZATION_LEVEL = 0;
				GCC_PREPROCESSOR_DEFINITIONS = ("'CMAKE_INTDIR=\"$(CONFIGURATION)$(EFFECTIVE_PLATFORM_NAME)\"'", );
				GCC_SYMBOLS_PRIVATE_EXTERN = NO;
				HEADER_SEARCH_PATHS = (/Users/Martin/Development/Libraries/YAML/libyaml/include, /Users/Martin/Development/Libraries/YAML/libyaml/win32, );
				INSTALL_PATH = "";
				OTHER_LDFLAGS = " ";
				OTHER_REZFLAGS = "";
				PRODUCT_NAME = ALL_BUILD;
				SECTORDER_FLAGS = "";
				SYMROOT = /Users/Martin/Development/Libraries/YAML;
				USE_HEADERMAP = NO;
				WARNING_CFLAGS = ("-Wmost", "-Wno-four-char-constants", "-Wno-unknown-pragmas", "$(inherited)", );
			};
			name = RelWithDebInfo;
		};
		5BD0B320AF8048DFB31787B2 /* RelWithDebInfo */ = {
			isa = XCBuildConfiguration;
			buildSettings = {
				COMBINE_HIDPI_IMAGES = YES;
				GCC_GENERATE_DEBUGGING_SYMBOLS = YES;
				GCC_INLINES_ARE_PRIVATE_EXTERN = NO;
				GCC_OPTIMIZATION_LEVEL = 0;
				GCC_PREPROCESSOR_DEFINITIONS = ("'CMAKE_INTDIR=\"$(CONFIGURATION)$(EFFECTIVE_PLATFORM_NAME)\"'", );
				GCC_SYMBOLS_PRIVATE_EXTERN = NO;
				HEADER_SEARCH_PATHS = (/Users/Martin/Development/Libraries/YAML/libyaml/include, /Users/Martin/Development/Libraries/YAML/libyaml/win32, );
				INSTALL_PATH = "";
				OTHER_LDFLAGS = " ";
				OTHER_REZFLAGS = "";
				PRODUCT_NAME = ZERO_CHECK;
				SECTORDER_FLAGS = "";
				SYMROOT = /Users/Martin/Development/Libraries/YAML;
				USE_HEADERMAP = NO;
				WARNING_CFLAGS = ("-Wmost", "-Wno-four-char-constants", "-Wno-unknown-pragmas", "$(inherited)", );
			};
			name = RelWithDebInfo;
		};
		5E9CB8FB9CF140FD93DC21A6 /* RelWithDebInfo */ = {
			isa = XCBuildConfiguration;
			buildSettings = {
				COMBINE_HIDPI_IMAGES = YES;
				EXECUTABLE_PREFIX = lib;
				EXECUTABLE_SUFFIX = .a;
				GCC_GENERATE_DEBUGGING_SYMBOLS = YES;
				GCC_INLINES_ARE_PRIVATE_EXTERN = NO;
				GCC_OPTIMIZATION_LEVEL = 2;
				GCC_PREPROCESSOR_DEFINITIONS = ("'CMAKE_INTDIR=\"$(CONFIGURATION)$(EFFECTIVE_PLATFORM_NAME)\"'", HAVE_CONFIG_H, YAML_DECLARE_STATIC, );
				GCC_SYMBOLS_PRIVATE_EXTERN = NO;
				HEADER_SEARCH_PATHS = (/Users/Martin/Development/Libraries/YAML/libyaml/include, /Users/Martin/Development/Libraries/YAML/libyaml/win32, );
				INSTALL_PATH = "";
				LIBRARY_STYLE = STATIC;
				OTHER_CFLAGS = "       -DNDEBUG  ";
				OTHER_LIBTOOLFLAGS = " ";
				OTHER_REZFLAGS = "";
				PRODUCT_NAME = yaml;
				SECTORDER_FLAGS = "";
				SYMROOT = /Users/Martin/Development/Libraries/YAML;
				USE_HEADERMAP = NO;
				WARNING_CFLAGS = ("-Wmost", "-Wno-four-char-constants", "-Wno-unknown-pragmas", "$(inherited)", );
			};
			name = RelWithDebInfo;
		};
		5EB6905B53424886BB46A43F /* MinSizeRel */ = {
			isa = XCBuildConfiguration;
			buildSettings = {
				COMBINE_HIDPI_IMAGES = YES;
				GCC_GENERATE_DEBUGGING_SYMBOLS = YES;
				GCC_INLINES_ARE_PRIVATE_EXTERN = NO;
				GCC_OPTIMIZATION_LEVEL = 0;
				GCC_PREPROCESSOR_DEFINITIONS = ("'CMAKE_INTDIR=\"$(CONFIGURATION)$(EFFECTIVE_PLATFORM_NAME)\"'", );
				GCC_SYMBOLS_PRIVATE_EXTERN = NO;
				HEADER_SEARCH_PATHS = (/Users/Martin/Development/Libraries/YAML/libyaml/include, /Users/Martin/Development/Libraries/YAML/libyaml/win32, );
				INSTALL_PATH = "";
				OTHER_LDFLAGS = " ";
				OTHER_REZFLAGS = "";
				PRODUCT_NAME = ALL_BUILD;
				SECTORDER_FLAGS = "";
				SYMROOT = /Users/Martin/Development/Libraries/YAML;
				USE_HEADERMAP = NO;
				WARNING_CFLAGS = ("-Wmost", "-Wno-four-char-constants", "-Wno-unknown-pragmas", "$(inherited)", );
			};
			name = MinSizeRel;
		};
		6A5FD2C3A32640EBB73796D8 /* Release */ = {
			isa = XCBuildConfiguration;
			buildSettings = {
				COMBINE_HIDPI_IMAGES = YES;
				EXECUTABLE_PREFIX = lib;
				EXECUTABLE_SUFFIX = .a;
				GCC_GENERATE_DEBUGGING_SYMBOLS = NO;
				GCC_INLINES_ARE_PRIVATE_EXTERN = NO;
				GCC_OPTIMIZATION_LEVEL = 3;
				GCC_PREPROCESSOR_DEFINITIONS = ("'CMAKE_INTDIR=\"$(CONFIGURATION)$(EFFECTIVE_PLATFORM_NAME)\"'", HAVE_CONFIG_H, YAML_DECLARE_STATIC, );
				GCC_SYMBOLS_PRIVATE_EXTERN = NO;
				HEADER_SEARCH_PATHS = (/Users/Martin/Development/Libraries/YAML/libyaml/include, /Users/Martin/Development/Libraries/YAML/libyaml/win32, );
				INSTALL_PATH = "";
				LIBRARY_STYLE = STATIC;
				OTHER_CFLAGS = "    -DNDEBUG  ";
				OTHER_LIBTOOLFLAGS = " ";
				OTHER_REZFLAGS = "";
				PRODUCT_NAME = yaml;
				SECTORDER_FLAGS = "";
				SYMROOT = /Users/Martin/Development/Libraries/YAML;
				USE_HEADERMAP = NO;
				WARNING_CFLAGS = ("-Wmost", "-Wno-four-char-constants", "-Wno-unknown-pragmas", "$(inherited)", );
			};
			name = Release;
		};
		7B044F7BC9AC46F9A0333FB8 /* RelWithDebInfo */ = {
			isa = XCBuildConfiguration;
			buildSettings = {
				ONLY_ACTIVE_ARCH = YES;
				SDKROOT = /Applications/Xcode.app/Contents/Developer/Platforms/MacOSX.platform/Developer/SDKs/MacOSX10.11.sdk;
				SYMROOT = /Users/Martin/Development/Libraries/YAML/build;
			};
			name = RelWithDebInfo;
		};
		7D3A1E18E1F04A38941C3D37 /* Debug */ = {
			isa = XCBuildConfiguration;
			buildSettings = {
				COMBINE_HIDPI_IMAGES = YES;
				GCC_GENERATE_DEBUGGING_SYMBOLS = YES;
				GCC_INLINES_ARE_PRIVATE_EXTERN = NO;
				GCC_OPTIMIZATION_LEVEL = 0;
				GCC_PREPROCESSOR_DEFINITIONS = ("'CMAKE_INTDIR=\"$(CONFIGURATION)$(EFFECTIVE_PLATFORM_NAME)\"'", );
				GCC_SYMBOLS_PRIVATE_EXTERN = NO;
				HEADER_SEARCH_PATHS = (/Users/Martin/Development/Libraries/YAML/libyaml/include, /Users/Martin/Development/Libraries/YAML/libyaml/win32, );
				INSTALL_PATH = "";
				OTHER_LDFLAGS = " ";
				OTHER_REZFLAGS = "";
				PRODUCT_NAME = ZERO_CHECK;
				SECTORDER_FLAGS = "";
				SYMROOT = /Users/Martin/Development/Libraries/YAML;
				USE_HEADERMAP = NO;
				WARNING_CFLAGS = ("-Wmost", "-Wno-four-char-constants", "-Wno-unknown-pragmas", "$(inherited)", );
			};
			name = Debug;
		};
		8CF82C9564D044E8BF3E6D41 /* Debug */ = {
			isa = XCBuildConfiguration;
			buildSettings = {
				COMBINE_HIDPI_IMAGES = YES;
				EXECUTABLE_PREFIX = lib;
				EXECUTABLE_SUFFIX = .a;
				GCC_GENERATE_DEBUGGING_SYMBOLS = YES;
				GCC_INLINES_ARE_PRIVATE_EXTERN = NO;
				GCC_OPTIMIZATION_LEVEL = 0;
				GCC_PREPROCESSOR_DEFINITIONS = ("'CMAKE_INTDIR=\"$(CONFIGURATION)$(EFFECTIVE_PLATFORM_NAME)\"'", HAVE_CONFIG_H, YAML_DECLARE_STATIC, );
				GCC_SYMBOLS_PRIVATE_EXTERN = NO;
				HEADER_SEARCH_PATHS = (/Users/Martin/Development/Libraries/YAML/libyaml/include, /Users/Martin/Development/Libraries/YAML/libyaml/win32, );
				INSTALL_PATH = "";
				LIBRARY_STYLE = STATIC;
				OTHER_CFLAGS = "    ";
				OTHER_LIBTOOLFLAGS = " ";
				OTHER_REZFLAGS = "";
				PRODUCT_NAME = yaml;
				SECTORDER_FLAGS = "";
				SYMROOT = /Users/Martin/Development/Libraries/YAML;
				USE_HEADERMAP = NO;
				WARNING_CFLAGS = ("-Wmost", "-Wno-four-char-constants", "-Wno-unknown-pragmas", "$(inherited)", );
			};
			name = Debug;
		};
		994FD247DF87477B933EFBBF /* Debug */ = {
			isa = XCBuildConfiguration;
			buildSettings = {
				COMBINE_HIDPI_IMAGES = YES;
				GCC_GENERATE_DEBUGGING_SYMBOLS = YES;
				GCC_INLINES_ARE_PRIVATE_EXTERN = NO;
				GCC_OPTIMIZATION_LEVEL = 0;
				GCC_PREPROCESSOR_DEFINITIONS = ("'CMAKE_INTDIR=\"$(CONFIGURATION)$(EFFECTIVE_PLATFORM_NAME)\"'", );
				GCC_SYMBOLS_PRIVATE_EXTERN = NO;
				HEADER_SEARCH_PATHS = (/Users/Martin/Development/Libraries/YAML/libyaml/include, /Users/Martin/Development/Libraries/YAML/libyaml/win32, );
				INSTALL_PATH = "";
				OTHER_LDFLAGS = " ";
				OTHER_REZFLAGS = "";
				PRODUCT_NAME = ALL_BUILD;
				SECTORDER_FLAGS = "";
				SYMROOT = /Users/Martin/Development/Libraries/YAML;
				USE_HEADERMAP = NO;
				WARNING_CFLAGS = ("-Wmost", "-Wno-four-char-constants", "-Wno-unknown-pragmas", "$(inherited)", );
			};
			name = Debug;
		};
		B2A1E1E9AB694A95BCA31D86 /* Release */ = {
			isa = XCBuildConfiguration;
			buildSettings = {
				ONLY_ACTIVE_ARCH = YES;
				SDKROOT = /Applications/Xcode.app/Contents/Developer/Platforms/MacOSX.platform/Developer/SDKs/MacOSX10.11.sdk;
				SYMROOT = /Users/Martin/Development/Libraries/YAML/build;
			};
			name = Release;
		};
		C3A8BF7404FF42F29EADBDC3 /* MinSizeRel */ = {
			isa = XCBuildConfiguration;
			buildSettings = {
				COMBINE_HIDPI_IMAGES = YES;
				EXECUTABLE_PREFIX = lib;
				EXECUTABLE_SUFFIX = .a;
				GCC_GENERATE_DEBUGGING_SYMBOLS = NO;
				GCC_INLINES_ARE_PRIVATE_EXTERN = NO;
				GCC_OPTIMIZATION_LEVEL = s;
				GCC_PREPROCESSOR_DEFINITIONS = ("'CMAKE_INTDIR=\"$(CONFIGURATION)$(EFFECTIVE_PLATFORM_NAME)\"'", HAVE_CONFIG_H, YAML_DECLARE_STATIC, );
				GCC_SYMBOLS_PRIVATE_EXTERN = NO;
				HEADER_SEARCH_PATHS = (/Users/Martin/Development/Libraries/YAML/libyaml/include, /Users/Martin/Development/Libraries/YAML/libyaml/win32, );
				INSTALL_PATH = "";
				LIBRARY_STYLE = STATIC;
				OTHER_CFLAGS = "    -DNDEBUG  ";
				OTHER_LIBTOOLFLAGS = " ";
				OTHER_REZFLAGS = "";
				PRODUCT_NAME = yaml;
				SECTORDER_FLAGS = "";
				SYMROOT = /Users/Martin/Development/Libraries/YAML;
				USE_HEADERMAP = NO;
				WARNING_CFLAGS = ("-Wmost", "-Wno-four-char-constants", "-Wno-unknown-pragmas", "$(inherited)", );
			};
			name = MinSizeRel;
		};
		DCAD65EAB54546EFB9C5688A /* Debug */ = {
			isa = XCBuildConfiguration;
			buildSettings = {
				ONLY_ACTIVE_ARCH = YES;
				SDKROOT = /Applications/Xcode.app/Contents/Developer/Platforms/MacOSX.platform/Developer/SDKs/MacOSX10.11.sdk;
				SYMROOT = /Users/Martin/Development/Libraries/YAML/build;
			};
			name = Debug;
		};
		F4EEB6B11BD244C295EAA168 /* Release */ = {
			isa = XCBuildConfiguration;
			buildSettings = {
				COMBINE_HIDPI_IMAGES = YES;
				GCC_GENERATE_DEBUGGING_SYMBOLS = YES;
				GCC_INLINES_ARE_PRIVATE_EXTERN = NO;
				GCC_OPTIMIZATION_LEVEL = 0;
				GCC_PREPROCESSOR_DEFINITIONS = ("'CMAKE_INTDIR=\"$(CONFIGURATION)$(EFFECTIVE_PLATFORM_NAME)\"'", );
				GCC_SYMBOLS_PRIVATE_EXTERN = NO;
				HEADER_SEARCH_PATHS = (/Users/Martin/Development/Libraries/YAML/libyaml/include, /Users/Martin/Development/Libraries/YAML/libyaml/win32, );
				INSTALL_PATH = "";
				OTHER_LDFLAGS = " ";
				OTHER_REZFLAGS = "";
				PRODUCT_NAME = ALL_BUILD;
				SECTORDER_FLAGS = "";
				SYMROOT = /Users/Martin/Development/Libraries/YAML;
				USE_HEADERMAP = NO;
				WARNING_CFLAGS = ("-Wmost", "-Wno-four-char-constants", "-Wno-unknown-pragmas", "$(inherited)", );
			};
			name = Release;
		};
		F78742A2C2E040F3A4B3C067 /* MinSizeRel */ = {
			isa = XCBuildConfiguration;
			buildSettings = {
				ONLY_ACTIVE_ARCH = YES;
				SDKROOT = /Applications/Xcode.app/Contents/Developer/Platforms/MacOSX.platform/Developer/SDKs/MacOSX10.11.sdk;
				SYMROOT = /Users/Martin/Development/Libraries/YAML/build;
			};
			name = MinSizeRel;
		};
/* End XCBuildConfiguration section */

/* Begin XCConfigurationList section */
		2F82B950A3794733A1085DE4 /* Build configuration list for PBXNativeTarget "yaml" */ = {
			isa = XCConfigurationList;
			buildConfigurations = (
				8CF82C9564D044E8BF3E6D41 /* Debug */,
				6A5FD2C3A32640EBB73796D8 /* Release */,
				C3A8BF7404FF42F29EADBDC3 /* MinSizeRel */,
				5E9CB8FB9CF140FD93DC21A6 /* RelWithDebInfo */,
			);
			defaultConfigurationIsVisible = 0;
			defaultConfigurationName = Debug;
		};
		5365EAF886604F689A712E8B /* Build configuration list for PBXAggregateTarget "ALL_BUILD" */ = {
			isa = XCConfigurationList;
			buildConfigurations = (
				994FD247DF87477B933EFBBF /* Debug */,
				F4EEB6B11BD244C295EAA168 /* Release */,
				5EB6905B53424886BB46A43F /* MinSizeRel */,
				490F73E860BC416F848BF792 /* RelWithDebInfo */,
			);
			defaultConfigurationIsVisible = 0;
			defaultConfigurationName = Debug;
		};
		602CCDF7918D4AA9B7769551 /* Build configuration list for PBXProject "yaml" */ = {
			isa = XCConfigurationList;
			buildConfigurations = (
				DCAD65EAB54546EFB9C5688A /* Debug */,
				B2A1E1E9AB694A95BCA31D86 /* Release */,
				F78742A2C2E040F3A4B3C067 /* MinSizeRel */,
				7B044F7BC9AC46F9A0333FB8 /* RelWithDebInfo */,
			);
			defaultConfigurationIsVisible = 0;
			defaultConfigurationName = Debug;
		};
		B33418AD70A843A185D47CB5 /* Build configuration list for PBXAggregateTarget "ZERO_CHECK" */ = {
			isa = XCConfigurationList;
			buildConfigurations = (
				7D3A1E18E1F04A38941C3D37 /* Debug */,
				2878511B26634149AB0E118D /* Release */,
				00F17B6D6DAE45F3950A4B6F /* MinSizeRel */,
				5BD0B320AF8048DFB31787B2 /* RelWithDebInfo */,
			);
			defaultConfigurationIsVisible = 0;
			defaultConfigurationName = Debug;
		};
/* End XCConfigurationList section */
	};
	rootObject = 5078C8AEAD0A42A4AA50A5EB /* Project object */;
}
